
Microsoft Visual Studio Solution File, Format Version 12.00
# Visual Studio Version 17
VisualStudioVersion = 17.0.31903.59
MinimumVisualStudioVersion = 10.0.40219.1
Project("{FAE04EC0-301F-11D3-BF4B-00C04F79EFBC}") = "dotnet_library", "dotnet_library\dotnet_library.csproj", "{B3252BEB-52BA-445F-900B-0C43BD6C2202}"
EndProject
Global
	GlobalSection(SolutionConfigurationPlatforms) = preSolution
		Debug|Any CPU = Debug|Any CPU
		Release|Any CPU = Release|Any CPU
	EndGlobalSection
	GlobalSection(ProjectConfigurationPlatforms) = postSolution
		{B3252BEB-52BA-445F-900B-0C43BD6C2202}.Debug|Any CPU.ActiveCfg = Debug|Any CPU
		{B3252BEB-52BA-445F-900B-0C43BD6C2202}.Debug|Any CPU.Build.0 = Debug|Any CPU
		{B3252BEB-52BA-445F-900B-0C43BD6C2202}.Release|Any CPU.ActiveCfg = Release|Any CPU
		{B3252BEB-52BA-445F-900B-0C43BD6C2202}.Release|Any CPU.Build.0 = Release|Any CPU
	EndGlobalSection
	GlobalSection(SolutionProperties) = preSolution
		HideSolutionNode = FALSE
	EndGlobalSection
	GlobalSection(ExtensibilityGlobals) = postSolution
		SolutionGuid = {B68F6838-6A2F-472F-99F3-0506AB8D501B}
	EndGlobalSection
EndGlobal
